[[package]]
name = "attrs"
version = "21.2.0"
description = "Classes Without Boilerplate"
category = "dev"
optional = false
python-versions = ">=2.7, !=3.0.*, !=3.1.*, !=3.2.*, !=3.3.*, !=3.4.*"

[package.extras]
dev = ["coverage[toml] (>=5.0.2)", "furo", "hypothesis", "mypy", "pre-commit", "pympler", "pytest (>=4.3.0)", "pytest-mypy-plugins", "six", "sphinx", "sphinx-notfound-page", "zope.interface"]
docs = ["furo", "sphinx", "sphinx-notfound-page", "zope.interface"]
tests = ["coverage[toml] (>=5.0.2)", "hypothesis", "mypy", "pympler", "pytest (>=4.3.0)", "pytest-mypy-plugins", "six", "zope.interface"]
tests_no_zope = ["coverage[toml] (>=5.0.2)", "hypothesis", "mypy", "pympler", "pytest (>=4.3.0)", "pytest-mypy-plugins", "six"]

[[package]]
name = "black"
version = "22.8.0"
description = "The uncompromising code formatter."
category = "dev"
optional = false
python-versions = ">=3.6.2"

[package.dependencies]
click = ">=8.0.0"
mypy-extensions = ">=0.4.3"
pathspec = ">=0.9.0"
platformdirs = ">=2"
tomli = {version = ">=1.1.0", markers = "python_full_version < \"3.11.0a7\""}

[package.extras]
colorama = ["colorama (>=0.4.3)"]
d = ["aiohttp (>=3.7.4)"]
jupyter = ["ipython (>=7.8.0)", "tokenize-rt (>=3.2.0)"]
uvloop = ["uvloop (>=0.15.2)"]

[[package]]
name = "cachetools"
version = "4.2.4"
description = "Extensible memoizing collections and decorators"
category = "main"
optional = false
python-versions = "~=3.5"

[[package]]
name = "certifi"
version = "2021.10.8"
description = "Python package for providing Mozilla's CA Bundle."
category = "main"
optional = false
python-versions = "*"

[[package]]
name = "charset-normalizer"
version = "2.0.7"
description = "The Real First Universal Charset Detector. Open, modern and actively maintained alternative to Chardet."
category = "main"
optional = false
python-versions = ">=3.5.0"

[package.extras]
unicode_backport = ["unicodedata2"]

[[package]]
name = "click"
version = "8.1.3"
description = "Composable command line interface toolkit"
category = "dev"
optional = false
python-versions = ">=3.7"

[package.dependencies]
colorama = {version = "*", markers = "platform_system == \"Windows\""}

[[package]]
name = "colorama"
version = "0.4.4"
description = "Cross-platform colored terminal text."
category = "dev"
optional = false
python-versions = ">=2.7, !=3.0.*, !=3.1.*, !=3.2.*, !=3.3.*, !=3.4.*"

[[package]]
name = "deepl"
version = "1.11.0"
description = "Python library for the DeepL API."
category = "main"
optional = false
python-versions = ">=3.6.2,<4"

[package.dependencies]
requests = ">=2,<3"

[[package]]
name = "flake8"
version = "3.9.2"
description = "the modular source code checker: pep8 pyflakes and co"
category = "dev"
optional = false
python-versions = "!=3.0.*,!=3.1.*,!=3.2.*,!=3.3.*,!=3.4.*,>=2.7"

[package.dependencies]
mccabe = ">=0.6.0,<0.7.0"
pycodestyle = ">=2.7.0,<2.8.0"
pyflakes = ">=2.3.0,<2.4.0"

[[package]]
name = "google-api-core"
version = "2.10.1"
description = "Google API client core library"
category = "main"
optional = false
python-versions = ">=3.7"

[package.dependencies]
google-auth = ">=1.25.0,<3.0dev"
googleapis-common-protos = ">=1.56.2,<2.0dev"
grpcio = {version = ">=1.33.2,<2.0dev", optional = true, markers = "extra == \"grpc\""}
grpcio-status = {version = ">=1.33.2,<2.0dev", optional = true, markers = "extra == \"grpc\""}
protobuf = ">=3.20.1,<5.0.0dev"
requests = ">=2.18.0,<3.0.0dev"

[package.extras]
grpc = ["grpcio (>=1.33.2,<2.0dev)", "grpcio-status (>=1.33.2,<2.0dev)"]
grpcgcp = ["grpcio-gcp (>=0.2.2,<1.0dev)"]
grpcio-gcp = ["grpcio-gcp (>=0.2.2,<1.0dev)"]

[[package]]
name = "google-auth"
version = "2.3.3"
description = "Google Authentication Library"
category = "main"
optional = false
python-versions = ">=2.7,!=3.0.*,!=3.1.*,!=3.2.*,!=3.3.*,!=3.4.*,!=3.5.*"

[package.dependencies]
cachetools = ">=2.0.0,<5.0"
pyasn1-modules = ">=0.2.1"
rsa = {version = ">=3.1.4,<5", markers = "python_version >= \"3.6\""}
setuptools = ">=40.3.0"
six = ">=1.9.0"

[package.extras]
aiohttp = ["aiohttp (>=3.6.2,<4.0.0dev)", "requests (>=2.20.0,<3.0.0dev)"]
pyopenssl = ["pyopenssl (>=20.0.0)"]
reauth = ["pyu2f (>=0.1.5)"]

[[package]]
name = "google-cloud-core"
version = "2.2.0"
description = "Google Cloud API client core library"
category = "main"
optional = false
python-versions = ">=3.6"

[package.dependencies]
google-api-core = ">=1.21.0,<3.0.0dev"
google-auth = ">=1.24.0,<3.0dev"

[package.extras]
grpc = ["grpcio (>=1.8.2,<2.0dev)"]

[[package]]
name = "google-cloud-translate"
version = "3.8.3"
description = "Google Cloud Translation API client library"
category = "main"
optional = false
python-versions = ">=3.7"

[package.dependencies]
google-api-core = {version = ">=1.32.0,<2.0.0 || >=2.8.0,<3.0.0dev", extras = ["grpc"]}
google-cloud-core = ">=1.3.0,<3.0.0dev"
proto-plus = ">=1.22.0,<2.0.0dev"
protobuf = ">=3.20.2,<5.0.0dev"

[[package]]
name = "googleapis-common-protos"
version = "1.56.4"
description = "Common protobufs used in Google APIs"
category = "main"
optional = false
python-versions = ">=3.7"

[package.dependencies]
protobuf = ">=3.15.0,<5.0.0dev"

[package.extras]
grpc = ["grpcio (>=1.0.0,<2.0.0dev)"]

[[package]]
name = "grpcio"
version = "1.41.1"
description = "HTTP/2-based RPC framework"
category = "main"
optional = false
python-versions = "*"

[package.dependencies]
six = ">=1.5.2"

[package.extras]
protobuf = ["grpcio-tools (>=1.41.1)"]

[[package]]
name = "grpcio-status"
version = "1.41.1"
description = "Status proto mapping for gRPC"
category = "main"
optional = false
python-versions = "*"

[package.dependencies]
googleapis-common-protos = ">=1.5.5"
grpcio = ">=1.41.1"
protobuf = ">=3.6.0"

[[package]]
name = "idna"
version = "3.3"
description = "Internationalized Domain Names in Applications (IDNA)"
category = "main"
optional = false
python-versions = ">=3.5"

[[package]]
name = "iniconfig"
version = "1.1.1"
description = "iniconfig: brain-dead simple config-ini parsing"
category = "dev"
optional = false
python-versions = "*"

[[package]]
name = "mccabe"
version = "0.6.1"
description = "McCabe checker, plugin for flake8"
category = "dev"
optional = false
python-versions = "*"

[[package]]
name = "mypy-extensions"
version = "0.4.3"
description = "Experimental type system extensions for programs checked with the mypy typechecker."
category = "dev"
optional = false
python-versions = "*"

[[package]]
name = "packaging"
version = "21.2"
description = "Core utilities for Python packages"
category = "dev"
optional = false
python-versions = ">=3.6"

[package.dependencies]
pyparsing = ">=2.0.2,<3"

[[package]]
name = "pathspec"
version = "0.10.1"
description = "Utility library for gitignore style pattern matching of file paths."
category = "dev"
optional = false
python-versions = ">=3.7"

[[package]]
name = "platformdirs"
version = "2.5.2"
description = "A small Python module for determining appropriate platform-specific dirs, e.g. a \"user data dir\"."
category = "dev"
optional = false
python-versions = ">=3.7"

[package.extras]
docs = ["furo (>=2021.7.5b38)", "proselint (>=0.10.2)", "sphinx (>=4)", "sphinx-autodoc-typehints (>=1.12)"]
test = ["appdirs (==1.4.4)", "pytest (>=6)", "pytest-cov (>=2.7)", "pytest-mock (>=3.6)"]

[[package]]
name = "pluggy"
version = "0.13.1"
description = "plugin and hook calling mechanisms for python"
category = "dev"
optional = false
python-versions = ">=2.7, !=3.0.*, !=3.1.*, !=3.2.*, !=3.3.*"

[package.extras]
dev = ["pre-commit", "tox"]

[[package]]
name = "proto-plus"
version = "1.22.1"
description = "Beautiful, Pythonic protocol buffers."
category = "main"
optional = false
python-versions = ">=3.6"

[package.dependencies]
protobuf = ">=3.19.0,<5.0.0dev"

[package.extras]
testing = ["google-api-core[grpc] (>=1.31.5)"]

[[package]]
name = "protobuf"
version = "4.21.7"
description = ""
category = "main"
optional = false
python-versions = ">=3.7"

[[package]]
name = "py"
version = "1.11.0"
description = "library with cross-python path, ini-parsing, io, code, log facilities"
category = "dev"
optional = false
python-versions = ">=2.7, !=3.0.*, !=3.1.*, !=3.2.*, !=3.3.*, !=3.4.*"

[[package]]
name = "pyasn1"
version = "0.4.8"
description = "ASN.1 types and codecs"
category = "main"
optional = false
python-versions = "*"

[[package]]
name = "pyasn1-modules"
version = "0.2.8"
description = "A collection of ASN.1-based protocols modules."
category = "main"
optional = false
python-versions = "*"

[package.dependencies]
pyasn1 = ">=0.4.6,<0.5.0"

[[package]]
name = "pycodestyle"
version = "2.7.0"
description = "Python style guide checker"
category = "dev"
optional = false
python-versions = ">=2.7, !=3.0.*, !=3.1.*, !=3.2.*, !=3.3.*"

[[package]]
name = "pyflakes"
version = "2.3.1"
description = "passive checker of Python programs"
category = "dev"
optional = false
python-versions = ">=2.7, !=3.0.*, !=3.1.*, !=3.2.*, !=3.3.*"

[[package]]
name = "pyparsing"
version = "2.4.7"
description = "Python parsing module"
category = "dev"
optional = false
python-versions = ">=2.6, !=3.0.*, !=3.1.*, !=3.2.*"

[[package]]
name = "pytest"
version = "7.1.3"
description = "pytest: simple powerful testing with Python"
category = "dev"
optional = false
python-versions = ">=3.7"

[package.dependencies]
attrs = ">=19.2.0"
colorama = {version = "*", markers = "sys_platform == \"win32\""}
iniconfig = "*"
packaging = "*"
pluggy = ">=0.12,<2.0"
py = ">=1.8.2"
tomli = ">=1.0.0"

[package.extras]
testing = ["argcomplete", "hypothesis (>=3.56)", "mock", "nose", "pygments (>=2.7.2)", "requests", "xmlschema"]

[[package]]
name = "requests"
version = "2.26.0"
description = "Python HTTP for Humans."
category = "main"
optional = false
python-versions = ">=2.7, !=3.0.*, !=3.1.*, !=3.2.*, !=3.3.*, !=3.4.*, !=3.5.*"

[package.dependencies]
certifi = ">=2017.4.17"
charset-normalizer = {version = ">=2.0.0,<2.1.0", markers = "python_version >= \"3\""}
idna = {version = ">=2.5,<4", markers = "python_version >= \"3\""}
urllib3 = ">=1.21.1,<1.27"

[package.extras]
socks = ["PySocks (>=1.5.6,!=1.5.7)", "win-inet-pton"]
use_chardet_on_py3 = ["chardet (>=3.0.2,<5)"]

[[package]]
name = "rsa"
version = "4.7.2"
description = "Pure-Python RSA implementation"
category = "main"
optional = false
python-versions = ">=3.5, <4"

[package.dependencies]
pyasn1 = ">=0.1.3"

[[package]]
name = "setuptools"
version = "65.4.1"
description = "Easily download, build, install, upgrade, and uninstall Python packages"
category = "main"
optional = false
python-versions = ">=3.7"

[package.extras]
docs = ["furo", "jaraco.packaging (>=9)", "jaraco.tidelift (>=1.4)", "pygments-github-lexers (==0.0.5)", "rst.linker (>=1.9)", "sphinx (>=3.5)", "sphinx-favicon", "sphinx-hoverxref (<2)", "sphinx-inline-tabs", "sphinx-notfound-page (==0.8.3)", "sphinx-reredirects", "sphinxcontrib-towncrier"]
testing = ["build[virtualenv]", "filelock (>=3.4.0)", "flake8 (<5)", "flake8-2020", "ini2toml[lite] (>=0.9)", "jaraco.envs (>=2.2)", "jaraco.path (>=3.2.0)", "mock", "pip (>=19.1)", "pip-run (>=8.8)", "pytest (>=6)", "pytest-black (>=0.3.7)", "pytest-checkdocs (>=2.4)", "pytest-cov", "pytest-enabler (>=1.3)", "pytest-flake8", "pytest-mypy (>=0.9.1)", "pytest-perf", "pytest-xdist", "tomli-w (>=1.0.0)", "virtualenv (>=13.0.0)", "wheel"]
testing-integration = ["build[virtualenv]", "filelock (>=3.4.0)", "jaraco.envs (>=2.2)", "jaraco.path (>=3.2.0)", "pytest", "pytest-enabler", "pytest-xdist", "tomli", "virtualenv (>=13.0.0)", "wheel"]

[[package]]
name = "six"
version = "1.16.0"
description = "Python 2 and 3 compatibility utilities"
category = "main"
optional = false
python-versions = ">=2.7, !=3.0.*, !=3.1.*, !=3.2.*"

[[package]]
name = "slack-bolt"
version = "1.15.0"
description = "The Bolt Framework for Python"
category = "main"
optional = false
python-versions = ">=3.6"

[package.dependencies]
slack-sdk = ">=3.17.2,<4"

[package.extras]
adapter = ["CherryPy (>=18,<19)", "Django (>=3,<5)", "Flask (>=1,<3)", "Werkzeug (>=2,<3)", "boto3 (<=2)", "bottle (>=0.12,<1)", "chalice (>=1.26.5,<2)", "click (>=7,<8)", "falcon (>=2,<4)", "fastapi (>=0.70.0,<1)", "gunicorn (>=20,<21)", "pyramid (>=1,<3)", "sanic (>=22,<23)", "starlette (>=0.14,<1)", "tornado (>=6,<7)", "uvicorn (<1)", "websocket-client (>=1.2.3,<2)"]
adapter_testing = ["Flask (>=1,<2)", "Werkzeug (>=1,<2)", "boddle (>=0.2,<0.3)", "docker (>=5,<6)", "moto (>=3,<4)", "requests (>=2,<3)", "sanic-testing (>=0.7)"]
async = ["aiohttp (>=3,<4)", "websockets (>=10,<11)"]
testing = ["Flask-Sockets (>=0.2,<1)", "Jinja2 (==3.0.3)", "Werkzeug (>=1,<2)", "aiohttp (>=3,<4)", "black (==22.8.0)", "click (<=8.0.4)", "itsdangerous (==2.0.1)", "pytest (>=6.2.5,<7)", "pytest-asyncio (>=0.18.2,<1)", "pytest-cov (>=3,<4)"]
testing_without_asyncio = ["Flask-Sockets (>=0.2,<1)", "Jinja2 (==3.0.3)", "Werkzeug (>=1,<2)", "black (==22.8.0)", "click (<=8.0.4)", "itsdangerous (==2.0.1)", "pytest (>=6.2.5,<7)", "pytest-cov (>=3,<4)"]

[[package]]
name = "slack-sdk"
version = "3.18.5"
description = "The Slack API Platform SDK for Python"
category = "main"
optional = false
python-versions = ">=3.6.0"

[package.extras]
optional = ["SQLAlchemy (>=1,<2)", "aiodns (>1.0)", "aiohttp (>=3.7.3,<4)", "boto3 (<=2)", "websocket-client (>=1,<2)", "websockets (>=10,<11)"]
testing = ["Flask (>=1,<2)", "Flask-Sockets (>=0.2,<1)", "Jinja2 (==3.0.3)", "Werkzeug (<2)", "black (==22.8.0)", "boto3 (<=2)", "click (==8.0.4)", "codecov (>=2,<3)", "databases (>=0.5)", "flake8 (>=5,<6)", "itsdangerous (==1.1.0)", "moto (>=3,<4)", "psutil (>=5,<6)", "pytest (>=6.2.5,<7)", "pytest-asyncio (<1)", "pytest-cov (>=2,<3)"]

[[package]]
name = "tomli"
version = "1.2.2"
description = "A lil' TOML parser"
category = "dev"
optional = false
python-versions = ">=3.6"

[[package]]
name = "urllib3"
version = "1.26.7"
description = "HTTP library with thread-safe connection pooling, file post, and more."
category = "main"
optional = false
python-versions = ">=2.7, !=3.0.*, !=3.1.*, !=3.2.*, !=3.3.*, !=3.4.*, <4"

[package.extras]
brotli = ["brotlipy (>=0.6.0)"]
secure = ["certifi", "cryptography (>=1.3.4)", "idna (>=2.0.0)", "ipaddress", "pyOpenSSL (>=0.14)"]
socks = ["PySocks (>=1.5.6,!=1.5.7,<2.0)"]

[metadata]
lock-version = "1.1"
python-versions = "^3.10"
content-hash = "1930af09b746bfe6bd217c6eb36eba8ff077869017eb831eb14278d833b3c633"

[metadata.files]
attrs = [
    {file = "attrs-21.2.0-py2.py3-none-any.whl", hash = "sha256:149e90d6d8ac20db7a955ad60cf0e6881a3f20d37096140088356da6c716b0b1"},
    {file = "attrs-21.2.0.tar.gz", hash = "sha256:ef6aaac3ca6cd92904cdd0d83f629a15f18053ec84e6432106f7a4d04ae4f5fb"},
]
black = [
    {file = "black-22.8.0-cp310-cp310-macosx_10_9_universal2.whl", hash = "sha256:ce957f1d6b78a8a231b18e0dd2d94a33d2ba738cd88a7fe64f53f659eea49fdd"},
    {file = "black-22.8.0-cp310-cp310-macosx_10_9_x86_64.whl", hash = "sha256:5107ea36b2b61917956d018bd25129baf9ad1125e39324a9b18248d362156a27"},
    {file = "black-22.8.0-cp310-cp310-macosx_11_0_arm64.whl", hash = "sha256:e8166b7bfe5dcb56d325385bd1d1e0f635f24aae14b3ae437102dedc0c186747"},
    {file = "black-22.8.0-cp310-cp310-manylinux_2_17_x86_64.manylinux2014_x86_64.whl", hash = "sha256:dd82842bb272297503cbec1a2600b6bfb338dae017186f8f215c8958f8acf869"},
    {file = "black-22.8.0-cp310-cp310-win_amd64.whl", hash = "sha256:d839150f61d09e7217f52917259831fe2b689f5c8e5e32611736351b89bb2a90"},
    {file = "black-22.8.0-cp36-cp36m-macosx_10_9_x86_64.whl", hash = "sha256:a05da0430bd5ced89176db098567973be52ce175a55677436a271102d7eaa3fe"},
    {file = "black-22.8.0-cp36-cp36m-manylinux_2_17_x86_64.manylinux2014_x86_64.whl", hash = "sha256:4a098a69a02596e1f2a58a2a1c8d5a05d5a74461af552b371e82f9fa4ada8342"},
    {file = "black-22.8.0-cp36-cp36m-win_amd64.whl", hash = "sha256:5594efbdc35426e35a7defa1ea1a1cb97c7dbd34c0e49af7fb593a36bd45edab"},
    {file = "black-22.8.0-cp37-cp37m-macosx_10_9_x86_64.whl", hash = "sha256:a983526af1bea1e4cf6768e649990f28ee4f4137266921c2c3cee8116ae42ec3"},
    {file = "black-22.8.0-cp37-cp37m-manylinux_2_17_x86_64.manylinux2014_x86_64.whl", hash = "sha256:3b2c25f8dea5e8444bdc6788a2f543e1fb01494e144480bc17f806178378005e"},
    {file = "black-22.8.0-cp37-cp37m-win_amd64.whl", hash = "sha256:78dd85caaab7c3153054756b9fe8c611efa63d9e7aecfa33e533060cb14b6d16"},
    {file = "black-22.8.0-cp38-cp38-macosx_10_9_universal2.whl", hash = "sha256:cea1b2542d4e2c02c332e83150e41e3ca80dc0fb8de20df3c5e98e242156222c"},
    {file = "black-22.8.0-cp38-cp38-macosx_10_9_x86_64.whl", hash = "sha256:5b879eb439094751185d1cfdca43023bc6786bd3c60372462b6f051efa6281a5"},
    {file = "black-22.8.0-cp38-cp38-macosx_11_0_arm64.whl", hash = "sha256:0a12e4e1353819af41df998b02c6742643cfef58282915f781d0e4dd7a200411"},
    {file = "black-22.8.0-cp38-cp38-manylinux_2_17_x86_64.manylinux2014_x86_64.whl", hash = "sha256:c3a73f66b6d5ba7288cd5d6dad9b4c9b43f4e8a4b789a94bf5abfb878c663eb3"},
    {file = "black-22.8.0-cp38-cp38-win_amd64.whl", hash = "sha256:e981e20ec152dfb3e77418fb616077937378b322d7b26aa1ff87717fb18b4875"},
    {file = "black-22.8.0-cp39-cp39-macosx_10_9_universal2.whl", hash = "sha256:8ce13ffed7e66dda0da3e0b2eb1bdfc83f5812f66e09aca2b0978593ed636b6c"},
    {file = "black-22.8.0-cp39-cp39-macosx_10_9_x86_64.whl", hash = "sha256:32a4b17f644fc288c6ee2bafdf5e3b045f4eff84693ac069d87b1a347d861497"},
    {file = "black-22.8.0-cp39-cp39-macosx_11_0_arm64.whl", hash = "sha256:0ad827325a3a634bae88ae7747db1a395d5ee02cf05d9aa7a9bd77dfb10e940c"},
    {file = "black-22.8.0-cp39-cp39-manylinux_2_17_x86_64.manylinux2014_x86_64.whl", hash = "sha256:53198e28a1fb865e9fe97f88220da2e44df6da82b18833b588b1883b16bb5d41"},
    {file = "black-22.8.0-cp39-cp39-win_amd64.whl", hash = "sha256:bc4d4123830a2d190e9cc42a2e43570f82ace35c3aeb26a512a2102bce5af7ec"},
    {file = "black-22.8.0-py3-none-any.whl", hash = "sha256:d2c21d439b2baf7aa80d6dd4e3659259be64c6f49dfd0f32091063db0e006db4"},
    {file = "black-22.8.0.tar.gz", hash = "sha256:792f7eb540ba9a17e8656538701d3eb1afcb134e3b45b71f20b25c77a8db7e6e"},
]
cachetools = [
    {file = "cachetools-4.2.4-py3-none-any.whl", hash = "sha256:92971d3cb7d2a97efff7c7bb1657f21a8f5fb309a37530537c71b1774189f2d1"},
    {file = "cachetools-4.2.4.tar.gz", hash = "sha256:89ea6f1b638d5a73a4f9226be57ac5e4f399d22770b92355f92dcb0f7f001693"},
]
certifi = [
    {file = "certifi-2021.10.8-py2.py3-none-any.whl", hash = "sha256:d62a0163eb4c2344ac042ab2bdf75399a71a2d8c7d47eac2e2ee91b9d6339569"},
    {file = "certifi-2021.10.8.tar.gz", hash = "sha256:78884e7c1d4b00ce3cea67b44566851c4343c120abd683433ce934a68ea58872"},
]
charset-normalizer = [
    {file = "charset-normalizer-2.0.7.tar.gz", hash = "sha256:e019de665e2bcf9c2b64e2e5aa025fa991da8720daa3c1138cadd2fd1856aed0"},
    {file = "charset_normalizer-2.0.7-py3-none-any.whl", hash = "sha256:f7af805c321bfa1ce6714c51f254e0d5bb5e5834039bc17db7ebe3a4cec9492b"},
]
click = [
    {file = "click-8.1.3-py3-none-any.whl", hash = "sha256:bb4d8133cb15a609f44e8213d9b391b0809795062913b383c62be0ee95b1db48"},
    {file = "click-8.1.3.tar.gz", hash = "sha256:7682dc8afb30297001674575ea00d1814d808d6a36af415a82bd481d37ba7b8e"},
]
colorama = [
    {file = "colorama-0.4.4-py2.py3-none-any.whl", hash = "sha256:9f47eda37229f68eee03b24b9748937c7dc3868f906e8ba69fbcbdd3bc5dc3e2"},
    {file = "colorama-0.4.4.tar.gz", hash = "sha256:5941b2b48a20143d2267e95b1c2a7603ce057ee39fd88e7329b0c292aa16869b"},
]
deepl = [
    {file = "deepl-1.11.0-py3-none-any.whl", hash = "sha256:63a68caebedc4ba55ba999758993f3df54ea5e67f060a7b3b471a52dc56d70e7"},
    {file = "deepl-1.11.0.tar.gz", hash = "sha256:ef1dd3e662913734d10acc7c1b8fa5d4fd76d7cda5297be692511a0d12c58ee1"},
]
flake8 = [
    {file = "flake8-3.9.2-py2.py3-none-any.whl", hash = "sha256:bf8fd333346d844f616e8d47905ef3a3384edae6b4e9beb0c5101e25e3110907"},
    {file = "flake8-3.9.2.tar.gz", hash = "sha256:07528381786f2a6237b061f6e96610a4167b226cb926e2aa2b6b1d78057c576b"},
]
google-api-core = [
    {file = "google-api-core-2.10.1.tar.gz", hash = "sha256:e16c15a11789bc5a3457afb2818a3540a03f341e6e710d7f9bbf6cde2ef4a7c8"},
    {file = "google_api_core-2.10.1-py3-none-any.whl", hash = "sha256:92d17123cfe399b5ef7e026c63babf978d8475e1ac877919eb7933e25dea2273"},
]
google-auth = [
    {file = "google-auth-2.3.3.tar.gz", hash = "sha256:d83570a664c10b97a1dc6f8df87e5fdfff012f48f62be131e449c20dfc32630e"},
    {file = "google_auth-2.3.3-py2.py3-none-any.whl", hash = "sha256:a348a50b027679cb7dae98043ac8dbcc1d7951f06d8387496071a1e05a2465c0"},
]
google-cloud-core = [
    {file = "google-cloud-core-2.2.0.tar.gz", hash = "sha256:e5e2907e5b501b364937ea8b2487b3102fb2b45f69a297a8edeeace192e8bc69"},
    {file = "google_cloud_core-2.2.0-py2.py3-none-any.whl", hash = "sha256:469afa08e790f55b7616fa6548fdd99377ae09a4c3fdb05839b7629b124c7090"},
]
google-cloud-translate = [
    {file = "google-cloud-translate-3.8.3.tar.gz", hash = "sha256:bdacf65009b791196265da20fcec440d8bed62707cb4aec91fee0fed98134a97"},
    {file = "google_cloud_translate-3.8.3-py2.py3-none-any.whl", hash = "sha256:51a72a05c6805412fdacb791cc1da1e4cb0bc5d427a0ac81b3fd7baa14aeb956"},
]
googleapis-common-protos = [
    {file = "googleapis-common-protos-1.56.4.tar.gz", hash = "sha256:c25873c47279387cfdcbdafa36149887901d36202cb645a0e4f29686bf6e4417"},
    {file = "googleapis_common_protos-1.56.4-py2.py3-none-any.whl", hash = "sha256:8eb2cbc91b69feaf23e32452a7ae60e791e09967d81d4fcc7fc388182d1bd394"},
]
grpcio = [
    {file = "grpcio-1.41.1-cp310-cp310-linux_armv7l.whl", hash = "sha256:ead9885b53777bed4b0694ff0baea9d2c519ff774b17b177bde43d73e2b4aa38"},
    {file = "grpcio-1.41.1-cp310-cp310-macosx_10_10_universal2.whl", hash = "sha256:3b4b7c1ab18283eb64af5648d20eabef9237a2aec09e30a805f18adc9497258d"},
    {file = "grpcio-1.41.1-cp310-cp310-manylinux_2_17_aarch64.whl", hash = "sha256:f68aa98f5970eccb6c94456f3447a99916c42fbddae1971256bc4e7c40a6593b"},
    {file = "grpcio-1.41.1-cp310-cp310-manylinux_2_17_i686.manylinux2014_i686.whl", hash = "sha256:71d9ed5a732a54b9c87764609f2fd2bc4ae72fa85e271038eb132ea723222209"},
    {file = "grpcio-1.41.1-cp310-cp310-manylinux_2_17_x86_64.manylinux2014_x86_64.whl", hash = "sha256:0aa1af3e1480b6dd3092ee67c4b67b1ea88d638fcdc4d1a611ae11e311800b34"},
    {file = "grpcio-1.41.1-cp310-cp310-win32.whl", hash = "sha256:766f1b943abc3e27842b72fba6e28fb9f57c9b84029fd7e91146e4c37034d937"},
    {file = "grpcio-1.41.1-cp310-cp310-win_amd64.whl", hash = "sha256:3713e3918da6ae10812a64e75620a172f01af2ff0a1c99d6481c910e1d4a9053"},
    {file = "grpcio-1.41.1-cp36-cp36m-linux_armv7l.whl", hash = "sha256:3f0b70cf8632028714a8341b841b011a47900b1c163bf5fababb4ab3888c9b6c"},
    {file = "grpcio-1.41.1-cp36-cp36m-macosx_10_10_x86_64.whl", hash = "sha256:8824b36e6b0e45fefe0b4eac5ad460830e0cbc856a0c794f711289b4b8933d53"},
    {file = "grpcio-1.41.1-cp36-cp36m-manylinux2010_i686.whl", hash = "sha256:788154b32bf712e9711d001df024af5f7b2522117876c129bb27b9ad6e5461fb"},
    {file = "grpcio-1.41.1-cp36-cp36m-manylinux2010_x86_64.whl", hash = "sha256:c32c470e077b34a52e87e7de26644ad0f9e9ff89a785ff7e6466870869659e05"},
    {file = "grpcio-1.41.1-cp36-cp36m-manylinux_2_17_aarch64.whl", hash = "sha256:a3bb4302389b23f2006ecaaea5eb4a39cc80ea98d1964159e59c1c20ef39a483"},
    {file = "grpcio-1.41.1-cp36-cp36m-manylinux_2_17_i686.manylinux2014_i686.whl", hash = "sha256:e156ea12adb7a7ca8d8280c9df850c15510b790c785fc26c9a3fb928cd221fd4"},
    {file = "grpcio-1.41.1-cp36-cp36m-manylinux_2_17_x86_64.manylinux2014_x86_64.whl", hash = "sha256:2eb8180a6d9e47fc865a4e92a2678f3202145021ef2c1bccf165fa5744f6ec95"},
    {file = "grpcio-1.41.1-cp36-cp36m-win32.whl", hash = "sha256:888d8519709652dd39415de5f79abd50257201b345dd4f40151feffc3dad3232"},
    {file = "grpcio-1.41.1-cp36-cp36m-win_amd64.whl", hash = "sha256:734690b3f35468f8ed4003ec7622d2d47567f1881f5fcdca34f1e52551c2ef55"},
    {file = "grpcio-1.41.1-cp37-cp37m-linux_armv7l.whl", hash = "sha256:133fb9a3cf4519543e4e41eb18b5dac0da26941aeabca8122dbcf3decbad2d21"},
    {file = "grpcio-1.41.1-cp37-cp37m-macosx_10_10_x86_64.whl", hash = "sha256:a5ac91db3c588296366554b2d91116fc3a9f05bae516cafae07220e1f05bfef7"},
    {file = "grpcio-1.41.1-cp37-cp37m-manylinux2010_i686.whl", hash = "sha256:b8dd1b6456c6fb3681affe0f81dff4b3bc46f825fc05e086d64216545da9ad92"},
    {file = "grpcio-1.41.1-cp37-cp37m-manylinux2010_x86_64.whl", hash = "sha256:9e403d07d77ed4495ad3c18994191525b11274693e72e464241c9139e2f9cd7c"},
    {file = "grpcio-1.41.1-cp37-cp37m-manylinux_2_17_aarch64.whl", hash = "sha256:9d1be99f216b18f8a9dbdfbdbcc9a6caee504d0d27295fdbb5c8da35f5254a69"},
    {file = "grpcio-1.41.1-cp37-cp37m-manylinux_2_17_i686.manylinux2014_i686.whl", hash = "sha256:ebbe9582ef06559a2358827a588ab4b92a2639517de8fe428288772820ab03b5"},
    {file = "grpcio-1.41.1-cp37-cp37m-manylinux_2_17_x86_64.manylinux2014_x86_64.whl", hash = "sha256:fd570720871dc84d2adc8430ce287319c9238d1e2f70c140f9bc54c690fabd1b"},
    {file = "grpcio-1.41.1-cp37-cp37m-win32.whl", hash = "sha256:0c075616d5e86fb65fd4784d5a87d6e5a1882d277dce5c33d9b67cfc71d79899"},
    {file = "grpcio-1.41.1-cp37-cp37m-win_amd64.whl", hash = "sha256:9170b5d2082fc00c057c6ccd6b893033c1ade05717fcec1d63557c3bc7afdb1b"},
    {file = "grpcio-1.41.1-cp38-cp38-linux_armv7l.whl", hash = "sha256:61aa02f4505c5bbbaeba80fef1bd6871d1aef05a8778a707ab91303ee0865ad0"},
    {file = "grpcio-1.41.1-cp38-cp38-macosx_10_10_x86_64.whl", hash = "sha256:d1461672b2eaef9affb60a71014ebd2f789deea7c9acb1d4bd163de92dd8e044"},
    {file = "grpcio-1.41.1-cp38-cp38-manylinux2010_i686.whl", hash = "sha256:c35b847bc6bd3c3a118a13277d91a772e7dd163ce7dd2791239f9941b6eaafe3"},
    {file = "grpcio-1.41.1-cp38-cp38-manylinux2010_x86_64.whl", hash = "sha256:8487fb0649ebebc9c5dca1a6dc4eb7fddf701183426b3eefeb3584639d223d43"},
    {file = "grpcio-1.41.1-cp38-cp38-manylinux_2_17_aarch64.whl", hash = "sha256:6ca497ccecaa8727f14c4ccc9ffb70a19c6413fe1d4650500c90a7febd662860"},
    {file = "grpcio-1.41.1-cp38-cp38-manylinux_2_17_i686.manylinux2014_i686.whl", hash = "sha256:b1232c5efc8a9e4b7a13db235c51135412beb9e62e618a2a89dd0463edb3d929"},
    {file = "grpcio-1.41.1-cp38-cp38-manylinux_2_17_x86_64.manylinux2014_x86_64.whl", hash = "sha256:31a47af7356fb5ed3120636dd75c5efb571ecf15737484119e31286687f0e52a"},
    {file = "grpcio-1.41.1-cp38-cp38-win32.whl", hash = "sha256:7a22a7378ea59ad1e6f2e79f9da6862eb9e1f6586253aee784d419a49e3f4bd9"},
    {file = "grpcio-1.41.1-cp38-cp38-win_amd64.whl", hash = "sha256:32b7ca83f1a6929217098aaaac89fc49879ae714c95501d40df41a0e7506164c"},
    {file = "grpcio-1.41.1-cp39-cp39-linux_armv7l.whl", hash = "sha256:3213dfe3abfc3fda7f30e86aa5967dce0c2eb4cc90a0504f95434091bf6b219a"},
    {file = "grpcio-1.41.1-cp39-cp39-macosx_10_10_x86_64.whl", hash = "sha256:fd11995e3402af0f838844194707da8b3235f1719bcac961493f0138f1325893"},
    {file = "grpcio-1.41.1-cp39-cp39-manylinux2010_i686.whl", hash = "sha256:23a3f03e1d9ac429ff78d23d2ab07756d3728ee1a68b5f244d8435006608b6aa"},
    {file = "grpcio-1.41.1-cp39-cp39-manylinux2010_x86_64.whl", hash = "sha256:fc2eadfb5ec956c556c138fab0dfc1d2395c57ae0bfea047edae1976a26b250c"},
    {file = "grpcio-1.41.1-cp39-cp39-manylinux_2_17_aarch64.whl", hash = "sha256:2a34c8979de10b04a44d2cad07d41d83643e65e49f84a05b1adf150aeb41c95f"},
    {file = "grpcio-1.41.1-cp39-cp39-manylinux_2_17_i686.manylinux2014_i686.whl", hash = "sha256:72d0bdc3605dc8f4187b302e1180643963896e3f2917a52becb51afb54448e3e"},
    {file = "grpcio-1.41.1-cp39-cp39-manylinux_2_17_x86_64.manylinux2014_x86_64.whl", hash = "sha256:740f5b21a7108a8c08bf522434752dc1d306274d47ca8b4d51af5588a16b6113"},
    {file = "grpcio-1.41.1-cp39-cp39-win32.whl", hash = "sha256:2f2ee78a6ae88d668ceda56fa4a18d8a38b34c2f2e1332083dd1da1a92870703"},
    {file = "grpcio-1.41.1-cp39-cp39-win_amd64.whl", hash = "sha256:c3a446b6a1f8077cc03d0d496fc1cecdd3d0b66860c0c5b65cc92d0549117840"},
    {file = "grpcio-1.41.1.tar.gz", hash = "sha256:9b751271b029432a526a4970dc9b70d93eb6f0963b6a841b574f780b72651969"},
]
grpcio-status = [
    {file = "grpcio-status-1.41.1.tar.gz", hash = "sha256:6c37cf353902143e22c69a9c44a8a584ebbe84f373fba9e298679e6db63421f4"},
    {file = "grpcio_status-1.41.1-py3-none-any.whl", hash = "sha256:640d4f7e2bba3647711e9e88988276fc786ae3b00ace4ca6339655789205c1d3"},
]
idna = [
    {file = "idna-3.3-py3-none-any.whl", hash = "sha256:84d9dd047ffa80596e0f246e2eab0b391788b0503584e8945f2368256d2735ff"},
    {file = "idna-3.3.tar.gz", hash = "sha256:9d643ff0a55b762d5cdb124b8eaa99c66322e2157b69160bc32796e824360e6d"},
]
iniconfig = [
    {file = "iniconfig-1.1.1-py2.py3-none-any.whl", hash = "sha256:011e24c64b7f47f6ebd835bb12a743f2fbe9a26d4cecaa7f53bc4f35ee9da8b3"},
    {file = "iniconfig-1.1.1.tar.gz", hash = "sha256:bc3af051d7d14b2ee5ef9969666def0cd1a000e121eaea580d4a313df4b37f32"},
]
mccabe = [
    {file = "mccabe-0.6.1-py2.py3-none-any.whl", hash = "sha256:ab8a6258860da4b6677da4bd2fe5dc2c659cff31b3ee4f7f5d64e79735b80d42"},
    {file = "mccabe-0.6.1.tar.gz", hash = "sha256:dd8d182285a0fe56bace7f45b5e7d1a6ebcbf524e8f3bd87eb0f125271b8831f"},
]
mypy-extensions = [
    {file = "mypy_extensions-0.4.3-py2.py3-none-any.whl", hash = "sha256:090fedd75945a69ae91ce1303b5824f428daf5a028d2f6ab8a299250a846f15d"},
    {file = "mypy_extensions-0.4.3.tar.gz", hash = "sha256:2d82818f5bb3e369420cb3c4060a7970edba416647068eb4c5343488a6c604a8"},
]
packaging = [
    {file = "packaging-21.2-py3-none-any.whl", hash = "sha256:14317396d1e8cdb122989b916fa2c7e9ca8e2be9e8060a6eff75b6b7b4d8a7e0"},
    {file = "packaging-21.2.tar.gz", hash = "sha256:096d689d78ca690e4cd8a89568ba06d07ca097e3306a4381635073ca91479966"},
]
pathspec = [
    {file = "pathspec-0.10.1-py3-none-any.whl", hash = "sha256:46846318467efc4556ccfd27816e004270a9eeeeb4d062ce5e6fc7a87c573f93"},
    {file = "pathspec-0.10.1.tar.gz", hash = "sha256:7ace6161b621d31e7902eb6b5ae148d12cfd23f4a249b9ffb6b9fee12084323d"},
]
platformdirs = [
    {file = "platformdirs-2.5.2-py3-none-any.whl", hash = "sha256:027d8e83a2d7de06bbac4e5ef7e023c02b863d7ea5d079477e722bb41ab25788"},
    {file = "platformdirs-2.5.2.tar.gz", hash = "sha256:58c8abb07dcb441e6ee4b11d8df0ac856038f944ab98b7be6b27b2a3c7feef19"},
]
pluggy = [
    {file = "pluggy-0.13.1-py2.py3-none-any.whl", hash = "sha256:966c145cd83c96502c3c3868f50408687b38434af77734af1e9ca461a4081d2d"},
    {file = "pluggy-0.13.1.tar.gz", hash = "sha256:15b2acde666561e1298d71b523007ed7364de07029219b604cf808bfa1c765b0"},
]
proto-plus = [
    {file = "proto-plus-1.22.1.tar.gz", hash = "sha256:6c7dfd122dfef8019ff654746be4f5b1d9c80bba787fe9611b508dd88be3a2fa"},
    {file = "proto_plus-1.22.1-py3-none-any.whl", hash = "sha256:ea8982669a23c379f74495bc48e3dcb47c822c484ce8ee1d1d7beb339d4e34c5"},
]
protobuf = [
    {file = "protobuf-4.21.7-cp310-abi3-win32.whl", hash = "sha256:c7cb105d69a87416bd9023e64324e1c089593e6dae64d2536f06bcbe49cd97d8"},
    {file = "protobuf-4.21.7-cp310-abi3-win_amd64.whl", hash = "sha256:3ec85328a35a16463c6f419dbce3c0fc42b3e904d966f17f48bae39597c7a543"},
    {file = "protobuf-4.21.7-cp37-abi3-macosx_10_9_universal2.whl", hash = "sha256:db9056b6a11cb5131036d734bcbf91ef3ef9235d6b681b2fc431cbfe5a7f2e56"},
    {file = "protobuf-4.21.7-cp37-abi3-manylinux2014_aarch64.whl", hash = "sha256:ca200645d6235ce0df3ccfdff1567acbab35c4db222a97357806e015f85b5744"},
    {file = "protobuf-4.21.7-cp37-abi3-manylinux2014_x86_64.whl", hash = "sha256:b019c79e23a80735cc8a71b95f76a49a262f579d6b84fd20a0b82279f40e2cc1"},
    {file = "protobuf-4.21.7-cp37-cp37m-win32.whl", hash = "sha256:d3f89ccf7182293feba2de2739c8bf34fed1ed7c65a5cf987be00311acac57c1"},
    {file = "protobuf-4.21.7-cp37-cp37m-win_amd64.whl", hash = "sha256:a74d96cd960b87b4b712797c741bb3ea3a913f5c2dc4b6cbe9c0f8360b75297d"},
    {file = "protobuf-4.21.7-cp38-cp38-win32.whl", hash = "sha256:8e09d1916386eca1ef1353767b6efcebc0a6859ed7f73cb7fb974feba3184830"},
    {file = "protobuf-4.21.7-cp38-cp38-win_amd64.whl", hash = "sha256:9e355f2a839d9930d83971b9f562395e13493f0e9211520f8913bd11efa53c02"},
    {file = "protobuf-4.21.7-cp39-cp39-win32.whl", hash = "sha256:f370c0a71712f8965023dd5b13277444d3cdfecc96b2c778b0e19acbfd60df6e"},
    {file = "protobuf-4.21.7-cp39-cp39-win_amd64.whl", hash = "sha256:9643684232b6b340b5e63bb69c9b4904cdd39e4303d498d1a92abddc7e895b7f"},
    {file = "protobuf-4.21.7-py2.py3-none-any.whl", hash = "sha256:8066322588d4b499869bf9f665ebe448e793036b552f68c585a9b28f1e393f66"},
    {file = "protobuf-4.21.7-py3-none-any.whl", hash = "sha256:58b81358ec6c0b5d50df761460ae2db58405c063fd415e1101209221a0a810e1"},
    {file = "protobuf-4.21.7.tar.gz", hash = "sha256:71d9dba03ed3432c878a801e2ea51e034b0ea01cf3a4344fb60166cb5f6c8757"},
]
py = [
    {file = "py-1.11.0-py2.py3-none-any.whl", hash = "sha256:607c53218732647dff4acdfcd50cb62615cedf612e72d1724fb1a0cc6405b378"},
    {file = "py-1.11.0.tar.gz", hash = "sha256:51c75c4126074b472f746a24399ad32f6053d1b34b68d2fa41e558e6f4a98719"},
]
pyasn1 = [
    {file = "pyasn1-0.4.8-py2.4.egg", hash = "sha256:fec3e9d8e36808a28efb59b489e4528c10ad0f480e57dcc32b4de5c9d8c9fdf3"},
    {file = "pyasn1-0.4.8-py2.5.egg", hash = "sha256:0458773cfe65b153891ac249bcf1b5f8f320b7c2ce462151f8fa74de8934becf"},
    {file = "pyasn1-0.4.8-py2.6.egg", hash = "sha256:5c9414dcfede6e441f7e8f81b43b34e834731003427e5b09e4e00e3172a10f00"},
    {file = "pyasn1-0.4.8-py2.7.egg", hash = "sha256:6e7545f1a61025a4e58bb336952c5061697da694db1cae97b116e9c46abcf7c8"},
    {file = "pyasn1-0.4.8-py2.py3-none-any.whl", hash = "sha256:39c7e2ec30515947ff4e87fb6f456dfc6e84857d34be479c9d4a4ba4bf46aa5d"},
    {file = "pyasn1-0.4.8-py3.1.egg", hash = "sha256:78fa6da68ed2727915c4767bb386ab32cdba863caa7dbe473eaae45f9959da86"},
    {file = "pyasn1-0.4.8-py3.2.egg", hash = "sha256:08c3c53b75eaa48d71cf8c710312316392ed40899cb34710d092e96745a358b7"},
    {file = "pyasn1-0.4.8-py3.3.egg", hash = "sha256:03840c999ba71680a131cfaee6fab142e1ed9bbd9c693e285cc6aca0d555e576"},
    {file = "pyasn1-0.4.8-py3.4.egg", hash = "sha256:7ab8a544af125fb704feadb008c99a88805126fb525280b2270bb25cc1d78a12"},
    {file = "pyasn1-0.4.8-py3.5.egg", hash = "sha256:e89bf84b5437b532b0803ba5c9a5e054d21fec423a89952a74f87fa2c9b7bce2"},
    {file = "pyasn1-0.4.8-py3.6.egg", hash = "sha256:014c0e9976956a08139dc0712ae195324a75e142284d5f87f1a87ee1b068a359"},
    {file = "pyasn1-0.4.8-py3.7.egg", hash = "sha256:99fcc3c8d804d1bc6d9a099921e39d827026409a58f2a720dcdb89374ea0c776"},
    {file = "pyasn1-0.4.8.tar.gz", hash = "sha256:aef77c9fb94a3ac588e87841208bdec464471d9871bd5050a287cc9a475cd0ba"},
]
pyasn1-modules = [
    {file = "pyasn1-modules-0.2.8.tar.gz", hash = "sha256:905f84c712230b2c592c19470d3ca8d552de726050d1d1716282a1f6146be65e"},
    {file = "pyasn1_modules-0.2.8-py2.4.egg", hash = "sha256:0fe1b68d1e486a1ed5473f1302bd991c1611d319bba158e98b106ff86e1d7199"},
    {file = "pyasn1_modules-0.2.8-py2.5.egg", hash = "sha256:fe0644d9ab041506b62782e92b06b8c68cca799e1a9636ec398675459e031405"},
    {file = "pyasn1_modules-0.2.8-py2.6.egg", hash = "sha256:a99324196732f53093a84c4369c996713eb8c89d360a496b599fb1a9c47fc3eb"},
    {file = "pyasn1_modules-0.2.8-py2.7.egg", hash = "sha256:0845a5582f6a02bb3e1bde9ecfc4bfcae6ec3210dd270522fee602365430c3f8"},
    {file = "pyasn1_modules-0.2.8-py2.py3-none-any.whl", hash = "sha256:a50b808ffeb97cb3601dd25981f6b016cbb3d31fbf57a8b8a87428e6158d0c74"},
    {file = "pyasn1_modules-0.2.8-py3.1.egg", hash = "sha256:f39edd8c4ecaa4556e989147ebf219227e2cd2e8a43c7e7fcb1f1c18c5fd6a3d"},
    {file = "pyasn1_modules-0.2.8-py3.2.egg", hash = "sha256:b80486a6c77252ea3a3e9b1e360bc9cf28eaac41263d173c032581ad2f20fe45"},
    {file = "pyasn1_modules-0.2.8-py3.3.egg", hash = "sha256:65cebbaffc913f4fe9e4808735c95ea22d7a7775646ab690518c056784bc21b4"},
    {file = "pyasn1_modules-0.2.8-py3.4.egg", hash = "sha256:15b7c67fabc7fc240d87fb9aabf999cf82311a6d6fb2c70d00d3d0604878c811"},
    {file = "pyasn1_modules-0.2.8-py3.5.egg", hash = "sha256:426edb7a5e8879f1ec54a1864f16b882c2837bfd06eee62f2c982315ee2473ed"},
    {file = "pyasn1_modules-0.2.8-py3.6.egg", hash = "sha256:cbac4bc38d117f2a49aeedec4407d23e8866ea4ac27ff2cf7fb3e5b570df19e0"},
    {file = "pyasn1_modules-0.2.8-py3.7.egg", hash = "sha256:c29a5e5cc7a3f05926aff34e097e84f8589cd790ce0ed41b67aed6857b26aafd"},
]
pycodestyle = [
    {file = "pycodestyle-2.7.0-py2.py3-none-any.whl", hash = "sha256:514f76d918fcc0b55c6680472f0a37970994e07bbb80725808c17089be302068"},
    {file = "pycodestyle-2.7.0.tar.gz", hash = "sha256:c389c1d06bf7904078ca03399a4816f974a1d590090fecea0c63ec26ebaf1cef"},
]
pyflakes = [
    {file = "pyflakes-2.3.1-py2.py3-none-any.whl", hash = "sha256:7893783d01b8a89811dd72d7dfd4d84ff098e5eed95cfa8905b22bbffe52efc3"},
    {file = "pyflakes-2.3.1.tar.gz", hash = "sha256:f5bc8ecabc05bb9d291eb5203d6810b49040f6ff446a756326104746cc00c1db"},
]
pyparsing = [
    {file = "pyparsing-2.4.7-py2.py3-none-any.whl", hash = "sha256:ef9d7589ef3c200abe66653d3f1ab1033c3c419ae9b9bdb1240a85b024efc88b"},
    {file = "pyparsing-2.4.7.tar.gz", hash = "sha256:c203ec8783bf771a155b207279b9bccb8dea02d8f0c9e5f8ead507bc3246ecc1"},
]
pytest = [
    {file = "pytest-7.1.3-py3-none-any.whl", hash = "sha256:1377bda3466d70b55e3f5cecfa55bb7cfcf219c7964629b967c37cf0bda818b7"},
    {file = "pytest-7.1.3.tar.gz", hash = "sha256:4f365fec2dff9c1162f834d9f18af1ba13062db0c708bf7b946f8a5c76180c39"},
]
requests = [
    {file = "requests-2.26.0-py2.py3-none-any.whl", hash = "sha256:6c1246513ecd5ecd4528a0906f910e8f0f9c6b8ec72030dc9fd154dc1a6efd24"},
    {file = "requests-2.26.0.tar.gz", hash = "sha256:b8aa58f8cf793ffd8782d3d8cb19e66ef36f7aba4353eec859e74678b01b07a7"},
]
rsa = [
    {file = "rsa-4.7.2-py3-none-any.whl", hash = "sha256:78f9a9bf4e7be0c5ded4583326e7461e3a3c5aae24073648b4bdfa797d78c9d2"},
    {file = "rsa-4.7.2.tar.gz", hash = "sha256:9d689e6ca1b3038bc82bf8d23e944b6b6037bc02301a574935b2dd946e0353b9"},
]
setuptools = [
    {file = "setuptools-65.4.1-py3-none-any.whl", hash = "sha256:1b6bdc6161661409c5f21508763dc63ab20a9ac2f8ba20029aaaa7fdb9118012"},
    {file = "setuptools-65.4.1.tar.gz", hash = "sha256:3050e338e5871e70c72983072fe34f6032ae1cdeeeb67338199c2f74e083a80e"},
]
six = [
    {file = "six-1.16.0-py2.py3-none-any.whl", hash = "sha256:8abb2f1d86890a2dfb989f9a77cfcfd3e47c2a354b01111771326f8aa26e0254"},
    {file = "six-1.16.0.tar.gz", hash = "sha256:1e61c37477a1626458e36f7b1d82aa5c9b094fa4802892072e49de9c60c4c926"},
]
slack-bolt = [
    {file = "slack_bolt-1.15.0-py2.py3-none-any.whl", hash = "sha256:145c7425a6380b3b909f59c3e400803a5127d265392d4802886a40ff03a4a592"},
    {file = "slack_bolt-1.15.0.tar.gz", hash = "sha256:6b1d9cf99a804c9a341a430bac647cb482e7da4422858f0801bb70ef8f2b981a"},
]
slack-sdk = [
    {file = "slack_sdk-3.18.5-py2.py3-none-any.whl", hash = "sha256:04ffb4e9f71cecad39f33dafe5a80f3faa8369c3d9fa2a34cd08a507da6d405f"},
    {file = "slack_sdk-3.18.5.tar.gz", hash = "sha256:c00bbb34671a288737abf507cd03ef7a2f72312bdf28e96dabd4e554519de293"},
]
tomli = [
    {file = "tomli-1.2.2-py3-none-any.whl", hash = "sha256:f04066f68f5554911363063a30b108d2b5a5b1a010aa8b6132af78489fe3aade"},
    {file = "tomli-1.2.2.tar.gz", hash = "sha256:c6ce0015eb38820eaf32b5db832dbc26deb3dd427bd5f6556cf0acac2c214fee"},
]
urllib3 = [
    {file = "urllib3-1.26.7-py2.py3-none-any.whl", hash = "sha256:c4fdf4019605b6e5423637e01bc9fe4daef873709a7973e195ceba0a62bbc844"},
    {file = "urllib3-1.26.7.tar.gz", hash = "sha256:4987c65554f7a2dbf30c18fd48778ef124af6fab771a377103da0585e2336ece"},
]
